// !$*UTF8*$!
{
	archiveVersion = 1;
	classes = {
	};
	objectVersion = 50;
	objects = {

/* Begin PBXBuildFile section */
		364D8EE7216EAA59000AFF9F /* AppDelegate.swift in Sources */ = {isa = PBXBuildFile; fileRef = 364D8EE6216EAA59000AFF9F /* AppDelegate.swift */; };
		364D8EE9216EAA59000AFF9F /* ViewController.swift in Sources */ = {isa = PBXBuildFile; fileRef = 364D8EE8216EAA59000AFF9F /* ViewController.swift */; };
		364D8EEC216EAA59000AFF9F /* Main.storyboard in Resources */ = {isa = PBXBuildFile; fileRef = 364D8EEA216EAA59000AFF9F /* Main.storyboard */; };
		364D8EEE216EAA5D000AFF9F /* Assets.xcassets in Resources */ = {isa = PBXBuildFile; fileRef = 364D8EED216EAA5D000AFF9F /* Assets.xcassets */; };
		364D8EF1216EAA5D000AFF9F /* LaunchScreen.storyboard in Resources */ = {isa = PBXBuildFile; fileRef = 364D8EEF216EAA5D000AFF9F /* LaunchScreen.storyboard */; };
		364D8EFC216EAA5D000AFF9F /* AlgorithmStudyTests.swift in Sources */ = {isa = PBXBuildFile; fileRef = 364D8EFB216EAA5D000AFF9F /* AlgorithmStudyTests.swift */; };
		364D8F07216EAA5D000AFF9F /* AlgorithmStudyUITests.swift in Sources */ = {isa = PBXBuildFile; fileRef = 364D8F06216EAA5D000AFF9F /* AlgorithmStudyUITests.swift */; };
/* End PBXBuildFile section */

/* Begin PBXContainerItemProxy section */
		364D8EF8216EAA5D000AFF9F /* PBXContainerItemProxy */ = {
			isa = PBXContainerItemProxy;
			containerPortal = 364D8EDB216EAA59000AFF9F /* Project object */;
			proxyType = 1;
			remoteGlobalIDString = 364D8EE2216EAA59000AFF9F;
			remoteInfo = AlgorithmStudy;
		};
		364D8F03216EAA5D000AFF9F /* PBXContainerItemProxy */ = {
			isa = PBXContainerItemProxy;
			containerPortal = 364D8EDB216EAA59000AFF9F /* Project object */;
			proxyType = 1;
			remoteGlobalIDString = 364D8EE2216EAA59000AFF9F;
			remoteInfo = AlgorithmStudy;
		};
/* End PBXContainerItemProxy section */

/* Begin PBXFileReference section */
		364D8EE3216EAA59000AFF9F /* AlgorithmStudy.app */ = {isa = PBXFileReference; explicitFileType = wrapper.application; includeInIndex = 0; path = AlgorithmStudy.app; sourceTree = BUILT_PRODUCTS_DIR; };
		364D8EE6216EAA59000AFF9F /* AppDelegate.swift */ = {isa = PBXFileReference; lastKnownFileType = sourcecode.swift; path = AppDelegate.swift; sourceTree = "<group>"; };
		364D8EE8216EAA59000AFF9F /* ViewController.swift */ = {isa = PBXFileReference; lastKnownFileType = sourcecode.swift; path = ViewController.swift; sourceTree = "<group>"; };
		364D8EEB216EAA59000AFF9F /* Base */ = {isa = PBXFileReference; lastKnownFileType = file.storyboard; name = Base; path = Base.lproj/Main.storyboard; sourceTree = "<group>"; };
		364D8EED216EAA5D000AFF9F /* Assets.xcassets */ = {isa = PBXFileReference; lastKnownFileType = folder.assetcatalog; path = Assets.xcassets; sourceTree = "<group>"; };
		364D8EF0216EAA5D000AFF9F /* Base */ = {isa = PBXFileReference; lastKnownFileType = file.storyboard; name = Base; path = Base.lproj/LaunchScreen.storyboard; sourceTree = "<group>"; };
		364D8EF2216EAA5D000AFF9F /* Info.plist */ = {isa = PBXFileReference; lastKnownFileType = text.plist.xml; path = Info.plist; sourceTree = "<group>"; };
		364D8EF7216EAA5D000AFF9F /* AlgorithmStudyTests.xctest */ = {isa = PBXFileReference; explicitFileType = wrapper.cfbundle; includeInIndex = 0; path = AlgorithmStudyTests.xctest; sourceTree = BUILT_PRODUCTS_DIR; };
		364D8EFB216EAA5D000AFF9F /* AlgorithmStudyTests.swift */ = {isa = PBXFileReference; lastKnownFileType = sourcecode.swift; path = AlgorithmStudyTests.swift; sourceTree = "<group>"; };
		364D8EFD216EAA5D000AFF9F /* Info.plist */ = {isa = PBXFileReference; lastKnownFileType = text.plist.xml; path = Info.plist; sourceTree = "<group>"; };
		364D8F02216EAA5D000AFF9F /* AlgorithmStudyUITests.xctest */ = {isa = PBXFileReference; explicitFileType = wrapper.cfbundle; includeInIndex = 0; path = AlgorithmStudyUITests.xctest; sourceTree = BUILT_PRODUCTS_DIR; };
		364D8F06216EAA5D000AFF9F /* AlgorithmStudyUITests.swift */ = {isa = PBXFileReference; lastKnownFileType = sourcecode.swift; path = AlgorithmStudyUITests.swift; sourceTree = "<group>"; };
		364D8F08216EAA5D000AFF9F /* Info.plist */ = {isa = PBXFileReference; lastKnownFileType = text.plist.xml; path = Info.plist; sourceTree = "<group>"; };
/* End PBXFileReference section */

/* Begin PBXFrameworksBuildPhase section */
		364D8EE0216EAA59000AFF9F /* Frameworks */ = {
			isa = PBXFrameworksBuildPhase;
			buildActionMask = 2147483647;
			files = (
			);
			runOnlyForDeploymentPostprocessing = 0;
		};
		364D8EF4216EAA5D000AFF9F /* Frameworks */ = {
			isa = PBXFrameworksBuildPhase;
			buildActionMask = 2147483647;
			files = (
			);
			runOnlyForDeploymentPostprocessing = 0;
		};
		364D8EFF216EAA5D000AFF9F /* Frameworks */ = {
			isa = PBXFrameworksBuildPhase;
			buildActionMask = 2147483647;
			files = (
			);
			runOnlyForDeploymentPostprocessing = 0;
		};
/* End PBXFrameworksBuildPhase section */

/* Begin PBXGroup section */
		364D8EDA216EAA59000AFF9F = {
			isa = PBXGroup;
			children = (
				364D8EE5216EAA59000AFF9F /* AlgorithmStudy */,
				364D8EFA216EAA5D000AFF9F /* AlgorithmStudyTests */,
				364D8F05216EAA5D000AFF9F /* AlgorithmStudyUITests */,
				364D8EE4216EAA59000AFF9F /* Products */,
			);
			sourceTree = "<group>";
		};
		364D8EE4216EAA59000AFF9F /* Products */ = {
			isa = PBXGroup;
			children = (
				364D8EE3216EAA59000AFF9F /* AlgorithmStudy.app */,
				364D8EF7216EAA5D000AFF9F /* AlgorithmStudyTests.xctest */,
				364D8F02216EAA5D000AFF9F /* AlgorithmStudyUITests.xctest */,
			);
			name = Products;
			sourceTree = "<group>";
		};
		364D8EE5216EAA59000AFF9F /* AlgorithmStudy */ = {
			isa = PBXGroup;
			children = (
				364D8EE6216EAA59000AFF9F /* AppDelegate.swift */,
				364D8EE8216EAA59000AFF9F /* ViewController.swift */,
				364D8EEA216EAA59000AFF9F /* Main.storyboard */,
				364D8EED216EAA5D000AFF9F /* Assets.xcassets */,
				364D8EEF216EAA5D000AFF9F /* LaunchScreen.storyboard */,
				364D8EF2216EAA5D000AFF9F /* Info.plist */,
			);
			path = AlgorithmStudy;
			sourceTree = "<group>";
		};
		364D8EFA216EAA5D000AFF9F /* AlgorithmStudyTests */ = {
			isa = PBXGroup;
			children = (
				364D8EFB216EAA5D000AFF9F /* AlgorithmStudyTests.swift */,
				364D8EFD216EAA5D000AFF9F /* Info.plist */,
			);
			path = AlgorithmStudyTests;
			sourceTree = "<group>";
		};
		364D8F05216EAA5D000AFF9F /* AlgorithmStudyUITests */ = {
			isa = PBXGroup;
			children = (
				364D8F06216EAA5D000AFF9F /* AlgorithmStudyUITests.swift */,
				364D8F08216EAA5D000AFF9F /* Info.plist */,
			);
			path = AlgorithmStudyUITests;
			sourceTree = "<group>";
		};
/* End PBXGroup section */

/* Begin PBXNativeTarget section */
		364D8EE2216EAA59000AFF9F /* AlgorithmStudy */ = {
			isa = PBXNativeTarget;
			buildConfigurationList = 364D8F0B216EAA5D000AFF9F /* Build configuration list for PBXNativeTarget "AlgorithmStudy" */;
			buildPhases = (
				364D8EDF216EAA59000AFF9F /* Sources */,
				364D8EE0216EAA59000AFF9F /* Frameworks */,
				364D8EE1216EAA59000AFF9F /* Resources */,
			);
			buildRules = (
			);
			dependencies = (
			);
			name = AlgorithmStudy;
			productName = AlgorithmStudy;
			productReference = 364D8EE3216EAA59000AFF9F /* AlgorithmStudy.app */;
			productType = "com.apple.product-type.application";
		};
		364D8EF6216EAA5D000AFF9F /* AlgorithmStudyTests */ = {
			isa = PBXNativeTarget;
			buildConfigurationList = 364D8F0E216EAA5D000AFF9F /* Build configuration list for PBXNativeTarget "AlgorithmStudyTests" */;
			buildPhases = (
				364D8EF3216EAA5D000AFF9F /* Sources */,
				364D8EF4216EAA5D000AFF9F /* Frameworks */,
				364D8EF5216EAA5D000AFF9F /* Resources */,
			);
			buildRules = (
			);
			dependencies = (
				364D8EF9216EAA5D000AFF9F /* PBXTargetDependency */,
			);
			name = AlgorithmStudyTests;
			productName = AlgorithmStudyTests;
			productReference = 364D8EF7216EAA5D000AFF9F /* AlgorithmStudyTests.xctest */;
			productType = "com.apple.product-type.bundle.unit-test";
		};
		364D8F01216EAA5D000AFF9F /* AlgorithmStudyUITests */ = {
			isa = PBXNativeTarget;
			buildConfigurationList = 364D8F11216EAA5D000AFF9F /* Build configuration list for PBXNativeTarget "AlgorithmStudyUITests" */;
			buildPhases = (
				364D8EFE216EAA5D000AFF9F /* Sources */,
				364D8EFF216EAA5D000AFF9F /* Frameworks */,
				364D8F00216EAA5D000AFF9F /* Resources */,
			);
			buildRules = (
			);
			dependencies = (
				364D8F04216EAA5D000AFF9F /* PBXTargetDependency */,
			);
			name = AlgorithmStudyUITests;
			productName = AlgorithmStudyUITests;
			productReference = 364D8F02216EAA5D000AFF9F /* AlgorithmStudyUITests.xctest */;
			productType = "com.apple.product-type.bundle.ui-testing";
		};
/* End PBXNativeTarget section */

/* Begin PBXProject section */
		364D8EDB216EAA59000AFF9F /* Project object */ = {
			isa = PBXProject;
			attributes = {
				LastSwiftUpdateCheck = 1000;
				LastUpgradeCheck = 1000;
				ORGANIZATIONNAME = katherine;
				TargetAttributes = {
					364D8EE2216EAA59000AFF9F = {
						CreatedOnToolsVersion = 10.0;
					};
					364D8EF6216EAA5D000AFF9F = {
						CreatedOnToolsVersion = 10.0;
						TestTargetID = 364D8EE2216EAA59000AFF9F;
					};
					364D8F01216EAA5D000AFF9F = {
						CreatedOnToolsVersion = 10.0;
						TestTargetID = 364D8EE2216EAA59000AFF9F;
					};
				};
			};
			buildConfigurationList = 364D8EDE216EAA59000AFF9F /* Build configuration list for PBXProject "AlgorithmStudy" */;
			compatibilityVersion = "Xcode 9.3";
			developmentRegion = en;
			hasScannedForEncodings = 0;
			knownRegions = (
				en,
				Base,
			);
			mainGroup = 364D8EDA216EAA59000AFF9F;
			productRefGroup = 364D8EE4216EAA59000AFF9F /* Products */;
			projectDirPath = "";
			projectRoot = "";
			targets = (
				364D8EE2216EAA59000AFF9F /* AlgorithmStudy */,
				364D8EF6216EAA5D000AFF9F /* AlgorithmStudyTests */,
				364D8F01216EAA5D000AFF9F /* AlgorithmStudyUITests */,
			);
		};
/* End PBXProject section */

/* Begin PBXResourcesBuildPhase section */
		364D8EE1216EAA59000AFF9F /* Resources */ = {
			isa = PBXResourcesBuildPhase;
			buildActionMask = 2147483647;
			files = (
				364D8EF1216EAA5D000AFF9F /* LaunchScreen.storyboard in Resources */,
				364D8EEE216EAA5D000AFF9F /* Assets.xcassets in Resources */,
				364D8EEC216EAA59000AFF9F /* Main.storyboard in Resources */,
			);
			runOnlyForDeploymentPostprocessing = 0;
		};
		364D8EF5216EAA5D000AFF9F /* Resources */ = {
			isa = PBXResourcesBuildPhase;
			buildActionMask = 2147483647;
			files = (
			);
			runOnlyForDeploymentPostprocessing = 0;
		};
		364D8F00216EAA5D000AFF9F /* Resources */ = {
			isa = PBXResourcesBuildPhase;
			buildActionMask = 2147483647;
			files = (
			);
			runOnlyForDeploymentPostprocessing = 0;
		};
/* End PBXResourcesBuildPhase section */

/* Begin PBXSourcesBuildPhase section */
		364D8EDF216EAA59000AFF9F /* Sources */ = {
			isa = PBXSourcesBuildPhase;
			buildActionMask = 2147483647;
			files = (
				364D8EE9216EAA59000AFF9F /* ViewController.swift in Sources */,
				364D8EE7216EAA59000AFF9F /* AppDelegate.swift in Sources */,
			);
			runOnlyForDeploymentPostprocessing = 0;
		};
		364D8EF3216EAA5D000AFF9F /* Sources */ = {
			isa = PBXSourcesBuildPhase;
			buildActionMask = 2147483647;
			files = (
				364D8EFC216EAA5D000AFF9F /* AlgorithmStudyTests.swift in Sources */,
			);
			runOnlyForDeploymentPostprocessing = 0;
		};
		364D8EFE216EAA5D000AFF9F /* Sources */ = {
			isa = PBXSourcesBuildPhase;
			buildActionMask = 2147483647;
			files = (
				364D8F07216EAA5D000AFF9F /* AlgorithmStudyUITests.swift in Sources */,
			);
			runOnlyForDeploymentPostprocessing = 0;
		};
/* End PBXSourcesBuildPhase section */

/* Begin PBXTargetDependency section */
		364D8EF9216EAA5D000AFF9F /* PBXTargetDependency */ = {
			isa = PBXTargetDependency;
			target = 364D8EE2216EAA59000AFF9F /* AlgorithmStudy */;
			targetProxy = 364D8EF8216EAA5D000AFF9F /* PBXContainerItemProxy */;
		};
		364D8F04216EAA5D000AFF9F /* PBXTargetDependency */ = {
			isa = PBXTargetDependency;
			target = 364D8EE2216EAA59000AFF9F /* AlgorithmStudy */;
			targetProxy = 364D8F03216EAA5D000AFF9F /* PBXContainerItemProxy */;
		};
/* End PBXTargetDependency section */

/* Begin PBXVariantGroup section */
		364D8EEA216EAA59000AFF9F /* Main.storyboard */ = {
			isa = PBXVariantGroup;
			children = (
				364D8EEB216EAA59000AFF9F /* Base */,
			);
			name = Main.storyboard;
			sourceTree = "<group>";
		};
		364D8EEF216EAA5D000AFF9F /* LaunchScreen.storyboard */ = {
			isa = PBXVariantGroup;
			children = (
				364D8EF0216EAA5D000AFF9F /* Base */,
			);
			name = LaunchScreen.storyboard;
			sourceTree = "<group>";
		};
/* End PBXVariantGroup section */

/* Begin XCBuildConfiguration section */
		364D8F09216EAA5D000AFF9F /* Debug */ = {
			isa = XCBuildConfiguration;
			buildSettings = {
				ALWAYS_SEARCH_USER_PATHS = NO;
				CLANG_ANALYZER_NONNULL = YES;
				CLANG_ANALYZER_NUMBER_OBJECT_CONVERSION = YES_AGGRESSIVE;
				CLANG_CXX_LANGUAGE_STANDARD = "gnu++14";
				CLANG_CXX_LIBRARY = "libc++";
				CLANG_ENABLE_MODULES = YES;
				CLANG_ENABLE_OBJC_ARC = YES;
				CLANG_ENABLE_OBJC_WEAK = YES;
				CLANG_WARN_BLOCK_CAPTURE_AUTORELEASING = YES;
				CLANG_WARN_BOOL_CONVERSION = YES;
				CLANG_WARN_COMMA = YES;
				CLANG_WARN_CONSTANT_CONVERSION = YES;
				CLANG_WARN_DEPRECATED_OBJC_IMPLEMENTATIONS = YES;
				CLANG_WARN_DIRECT_OBJC_ISA_USAGE = YES_ERROR;
				CLANG_WARN_DOCUMENTATION_COMMENTS = YES;
				CLANG_WARN_EMPTY_BODY = YES;
				CLANG_WARN_ENUM_CONVERSION = YES;
				CLANG_WARN_INFINITE_RECURSION = YES;
				CLANG_WARN_INT_CONVERSION = YES;
				CLANG_WARN_NON_LITERAL_NULL_CONVERSION = YES;
				CLANG_WARN_OBJC_IMPLICIT_RETAIN_SELF = YES;
				CLANG_WARN_OBJC_LITERAL_CONVERSION = YES;
				CLANG_WARN_OBJC_ROOT_CLASS = YES_ERROR;
				CLANG_WARN_RANGE_LOOP_ANALYSIS = YES;
				CLANG_WARN_STRICT_PROTOTYPES = YES;
				CLANG_WARN_SUSPICIOUS_MOVE = YES;
				CLANG_WARN_UNGUARDED_AVAILABILITY = YES_AGGRESSIVE;
				CLANG_WARN_UNREACHABLE_CODE = YES;
				CLANG_WARN__DUPLICATE_METHOD_MATCH = YES;
				CODE_SIGN_IDENTITY = "iPhone Developer";
				COPY_PHASE_STRIP = NO;
				DEBUG_INFORMATION_FORMAT = dwarf;
				ENABLE_STRICT_OBJC_MSGSEND = YES;
				ENABLE_TESTABILITY = YES;
				GCC_C_LANGUAGE_STANDARD = gnu11;
				GCC_DYNAMIC_NO_PIC = NO;
				GCC_NO_COMMON_BLOCKS = YES;
				GCC_OPTIMIZATION_LEVEL = 0;
				GCC_PREPROCESSOR_DEFINITIONS = (
					"DEBUG=1",
					"$(inherited)",
				);
				GCC_WARN_64_TO_32_BIT_CONVERSION = YES;
				GCC_WARN_ABOUT_RETURN_TYPE = YES_ERROR;
				GCC_WARN_UNDECLARED_SELECTOR = YES;
				GCC_WARN_UNINITIALIZED_AUTOS = YES_AGGRESSIVE;
				GCC_WARN_UNUSED_FUNCTION = YES;
				GCC_WARN_UNUSED_VARIABLE = YES;
				IPHONEOS_DEPLOYMENT_TARGET = 12.0;
				MTL_ENABLE_DEBUG_INFO = INCLUDE_SOURCE;
				MTL_FAST_MATH = YES;
				ONLY_ACTIVE_ARCH = YES;
				SDKROOT = iphoneos;
				SWIFT_ACTIVE_COMPILATION_CONDITIONS = DEBUG;
				SWIFT_OPTIMIZATION_LEVEL = "-Onone";
			};
			name = Debug;
		};
		364D8F0A216EAA5D000AFF9F /* Release */ = {
			isa = XCBuildConfiguration;
			buildSettings = {
				ALWAYS_SEARCH_USER_PATHS = NO;
				CLANG_ANALYZER_NONNULL = YES;
				CLANG_ANALYZER_NUMBER_OBJECT_CONVERSION = YES_AGGRESSIVE;
				CLANG_CXX_LANGUAGE_STANDARD = "gnu++14";
				CLANG_CXX_LIBRARY = "libc++";
				CLANG_ENABLE_MODULES = YES;
				CLANG_ENABLE_OBJC_ARC = YES;
				CLANG_ENABLE_OBJC_WEAK = YES;
				CLANG_WARN_BLOCK_CAPTURE_AUTORELEASING = YES;
				CLANG_WARN_BOOL_CONVERSION = YES;
				CLANG_WARN_COMMA = YES;
				CLANG_WARN_CONSTANT_CONVERSION = YES;
				CLANG_WARN_DEPRECATED_OBJC_IMPLEMENTATIONS = YES;
				CLANG_WARN_DIRECT_OBJC_ISA_USAGE = YES_ERROR;
				CLANG_WARN_DOCUMENTATION_COMMENTS = YES;
				CLANG_WARN_EMPTY_BODY = YES;
				CLANG_WARN_ENUM_CONVERSION = YES;
				CLANG_WARN_INFINITE_RECURSION = YES;
				CLANG_WARN_INT_CONVERSION = YES;
				CLANG_WARN_NON_LITERAL_NULL_CONVERSION = YES;
				CLANG_WARN_OBJC_IMPLICIT_RETAIN_SELF = YES;
				CLANG_WARN_OBJC_LITERAL_CONVERSION = YES;
				CLANG_WARN_OBJC_ROOT_CLASS = YES_ERROR;
				CLANG_WARN_RANGE_LOOP_ANALYSIS = YES;
				CLANG_WARN_STRICT_PROTOTYPES = YES;
				CLANG_WARN_SUSPICIOUS_MOVE = YES;
				CLANG_WARN_UNGUARDED_AVAILABILITY = YES_AGGRESSIVE;
				CLANG_WARN_UNREACHABLE_CODE = YES;
				CLANG_WARN__DUPLICATE_METHOD_MATCH = YES;
				CODE_SIGN_IDENTITY = "iPhone Developer";
				COPY_PHASE_STRIP = NO;
				DEBUG_INFORMATION_FORMAT = "dwarf-with-dsym";
				ENABLE_NS_ASSERTIONS = NO;
				ENABLE_STRICT_OBJC_MSGSEND = YES;
				GCC_C_LANGUAGE_STANDARD = gnu11;
				GCC_NO_COMMON_BLOCKS = YES;
				GCC_WARN_64_TO_32_BIT_CONVERSION = YES;
				GCC_WARN_ABOUT_RETURN_TYPE = YES_ERROR;
				GCC_WARN_UNDECLARED_SELECTOR = YES;
				GCC_WARN_UNINITIALIZED_AUTOS = YES_AGGRESSIVE;
				GCC_WARN_UNUSED_FUNCTION = YES;
				GCC_WARN_UNUSED_VARIABLE = YES;
				IPHONEOS_DEPLOYMENT_TARGET = 12.0;
				MTL_ENABLE_DEBUG_INFO = NO;
				MTL_FAST_MATH = YES;
				SDKROOT = iphoneos;
				SWIFT_COMPILATION_MODE = wholemodule;
				SWIFT_OPTIMIZATION_LEVEL = "-O";
				VALIDATE_PRODUCT = YES;
			};
			name = Release;
		};
		364D8F0C216EAA5D000AFF9F /* Debug */ = {
			isa = XCBuildConfiguration;
			buildSettings = {
				ASSETCATALOG_COMPILER_APPICON_NAME = AppIcon;
				CODE_SIGN_STYLE = Automatic;
				INFOPLIST_FILE = AlgorithmStudy/Info.plist;
				LD_RUNPATH_SEARCH_PATHS = (
					"$(inherited)",
					"@executable_path/Frameworks",
				);
				PRODUCT_BUNDLE_IDENTIFIER = katherine.AlgorithmStudy;
				PRODUCT_NAME = "$(TARGET_NAME)";
				SWIFT_VERSION = 4.2;
				TARGETED_DEVICE_FAMILY = "1,2";
			};
			name = Debug;
		};
		364D8F0D216EAA5D000AFF9F /* Release */ = {
			isa = XCBuildConfiguration;
			buildSettings = {
				ASSETCATALOG_COMPILER_APPICON_NAME = AppIcon;
				CODE_SIGN_STYLE = Automatic;
				INFOPLIST_FILE = AlgorithmStudy/Info.plist;
				LD_RUNPATH_SEARCH_PATHS = (
					"$(inherited)",
					"@executable_path/Frameworks",
				);
				PRODUCT_BUNDLE_IDENTIFIER = katherine.AlgorithmStudy;
				PRODUCT_NAME = "$(TARGET_NAME)";
				SWIFT_VERSION = 4.2;
				TARGETED_DEVICE_FAMILY = "1,2";
			};
			name = Release;
		};
		364D8F0F216EAA5D000AFF9F /* Debug */ = {
			isa = XCBuildConfiguration;
			buildSettings = {
				ALWAYS_EMBED_SWIFT_STANDARD_LIBRARIES = YES;
				BUNDLE_LOADER = "$(TEST_HOST)";
				CODE_SIGN_STYLE = Automatic;
				INFOPLIST_FILE = AlgorithmStudyTests/Info.plist;
				LD_RUNPATH_SEARCH_PATHS = (
					"$(inherited)",
					"@executable_path/Frameworks",
					"@loader_path/Frameworks",
				);
				PRODUCT_BUNDLE_IDENTIFIER = katherine.AlgorithmStudyTests;
				PRODUCT_NAME = "$(TARGET_NAME)";
				SWIFT_VERSION = 4.2;
				TARGETED_DEVICE_FAMILY = "1,2";
				TEST_HOST = "$(BUILT_PRODUCTS_DIR)/AlgorithmStudy.app/AlgorithmStudy";
			};
			name = Debug;
		};
		364D8F10216EAA5D000AFF9F /* Release */ = {
			isa = XCBuildConfiguration;
			buildSettings = {
				ALWAYS_EMBED_SWIFT_STANDARD_LIBRARIES = YES;
				BUNDLE_LOADER = "$(TEST_HOST)";
				CODE_SIGN_STYLE = Automatic;
				INFOPLIST_FILE = AlgorithmStudyTests/Info.plist;
				LD_RUNPATH_SEARCH_PATHS = (
					"$(inherited)",
					"@executable_path/Frameworks",
					"@loader_path/Frameworks",
				);
				PRODUCT_BUNDLE_IDENTIFIER = katherine.AlgorithmStudyTests;
				PRODUCT_NAME = "$(TARGET_NAME)";
				SWIFT_VERSION = 4.2;
				TARGETED_DEVICE_FAMILY = "1,2";
				TEST_HOST = "$(BUILT_PRODUCTS_DIR)/AlgorithmStudy.app/AlgorithmStudy";
			};
			name = Release;
		};
		364D8F12216EAA5D000AFF9F /* Debug */ = {
			isa = XCBuildConfiguration;
			buildSettings = {
				ALWAYS_EMBED_SWIFT_STANDARD_LIBRARIES = YES;
				CODE_SIGN_STYLE = Automatic;
				INFOPLIST_FILE = AlgorithmStudyUITests/Info.plist;
				LD_RUNPATH_SEARCH_PATHS = (
					"$(inherited)",
					"@executable_path/Frameworks",
					"@loader_path/Frameworks",
				);
				PRODUCT_BUNDLE_IDENTIFIER = katherine.AlgorithmStudyUITests;
				PRODUCT_NAME = "$(TARGET_NAME)";
				SWIFT_VERSION = 4.2;
				TARGETED_DEVICE_FAMILY = "1,2";
				TEST_TARGET_NAME = AlgorithmStudy;
			};
			name = Debug;
		};
		364D8F13216EAA5D000AFF9F /* Release */ = {
			isa = XCBuildConfiguration;
			buildSettings = {
				ALWAYS_EMBED_SWIFT_STANDARD_LIBRARIES = YES;
				CODE_SIGN_STYLE = Automatic;
				INFOPLIST_FILE = AlgorithmStudyUITests/Info.plist;
				LD_RUNPATH_SEARCH_PATHS = (
					"$(inherited)",
					"@executable_path/Frameworks",
					"@loader_path/Frameworks",
				);
				PRODUCT_BUNDLE_IDENTIFIER = katherine.AlgorithmStudyUITests;
				PRODUCT_NAME = "$(TARGET_NAME)";
				SWIFT_VERSION = 4.2;
				TARGETED_DEVICE_FAMILY = "1,2";
				TEST_TARGET_NAME = AlgorithmStudy;
			};
			name = Release;
		};
/* End XCBuildConfiguration section */

/* Begin XCConfigurationList section */
		364D8EDE216EAA59000AFF9F /* Build configuration list for PBXProject "AlgorithmStudy" */ = {
			isa = XCConfigurationList;
			buildConfigurations = (
				364D8F09216EAA5D000AFF9F /* Debug */,
				364D8F0A216EAA5D000AFF9F /* Release */,
			);
			defaultConfigurationIsVisible = 0;
			defaultConfigurationName = Release;
		};
		364D8F0B216EAA5D000AFF9F /* Build configuration list for PBXNativeTarget "AlgorithmStudy" */ = {
			isa = XCConfigurationList;
			buildConfigurations = (
				364D8F0C216EAA5D000AFF9F /* Debug */,
				364D8F0D216EAA5D000AFF9F /* Release */,
			);
			defaultConfigurationIsVisible = 0;
			defaultConfigurationName = Release;
		};
		364D8F0E216EAA5D000AFF9F /* Build configuration list for PBXNativeTarget "AlgorithmStudyTests" */ = {
			isa = XCConfigurationList;
			buildConfigurations = (
				364D8F0F216EAA5D000AFF9F /* Debug */,
				364D8F10216EAA5D000AFF9F /* Release */,
			);
			defaultConfigurationIsVisible = 0;
			defaultConfigurationName = Release;
		};
		364D8F11216EAA5D000AFF9F /* Build configuration list for PBXNativeTarget "AlgorithmStudyUITests" */ = {
			isa = XCConfigurationList;
			buildConfigurations = (
				364D8F12216EAA5D000AFF9F /* Debug */,
				364D8F13216EAA5D000AFF9F /* Release */,
			);
			defaultConfigurationIsVisible = 0;
			defaultConfigurationName = Release;
		};
/* End XCConfigurationList section */
	};
	rootObject = 364D8EDB216EAA59000AFF9F /* Project object */;
}
